{
  "version": 4,
  "terraform_version": "0.12.19",
  "serial": 59,
  "lineage": "51091f1e-2f80-28d8-257a-9e9105af0a61",
  "outputs": {},
  "resources": [
    {
      "mode": "managed",
      "type": "aws_route53_record",
      "name": "test",
      "provider": "provider.aws",
      "instances": [
        {
          "schema_version": 2,
          "attributes": {
            "alias": [],
            "allow_overwrite": null,
            "failover_routing_policy": [],
            "fqdn": "test.chaolopezpa.com",
            "geolocation_routing_policy": [],
            "health_check_id": "",
            "id": "ZG3UC1XY1JO30_test_A",
            "latency_routing_policy": [],
            "multivalue_answer_routing_policy": null,
            "name": "test",
            "records": [
              "104.248.2.130"
            ],
            "set_identifier": "",
            "ttl": 5,
            "type": "A",
            "weighted_routing_policy": [],
            "zone_id": "ZG3UC1XY1JO30"
          },
          "private": "eyJzY2hlbWFfdmVyc2lvbiI6IjIifQ==",
          "dependencies": [
            "digitalocean_droplet.default",
            "digitalocean_ssh_key.default"
          ]
        }
      ]
    },
    {
      "mode": "managed",
      "type": "digitalocean_droplet",
      "name": "default",
      "provider": "provider.digitalocean",
      "instances": [
        {
          "schema_version": 1,
          "attributes": {
            "backups": false,
            "created_at": "2020-02-26T20:28:07Z",
            "disk": 25,
            "id": "182318446",
            "image": "ubuntu-18-04-x64",
            "ipv4_address": "104.248.2.130",
            "ipv4_address_private": "",
            "ipv6": false,
            "ipv6_address": "",
            "ipv6_address_private": null,
            "locked": false,
            "memory": 1024,
            "monitoring": false,
            "name": "test.chaolopez.com",
            "price_hourly": 0.00744,
            "price_monthly": 5,
            "private_networking": false,
            "region": "nyc3",
            "resize_disk": true,
            "size": "s-1vcpu-1gb",
            "ssh_keys": [
              "55:9c:3e:c6:4e:c9:b5:80:15:65:9b:aa:f3:5e:9b:15"
            ],
            "status": "active",
            "tags": [
              "chaolopezpa",
              "test"
            ],
            "urn": "do:droplet:182318446",
            "user_data": null,
            "vcpus": 1,
            "volume_ids": []
          },
          "private": "eyJzY2hlbWFfdmVyc2lvbiI6IjEifQ==",
          "dependencies": [
            "digitalocean_ssh_key.default"
          ]
        }
      ]
    },
    {
      "mode": "managed",
      "type": "digitalocean_ssh_key",
      "name": "default",
      "provider": "provider.digitalocean",
      "instances": [
        {
          "schema_version": 0,
          "attributes": {
            "fingerprint": "55:9c:3e:c6:4e:c9:b5:80:15:65:9b:aa:f3:5e:9b:15",
            "id": "26696539",
            "name": "macbookair",
            "public_key": "ssh-rsa AAAAB3NzaC1yc2EAAAADAQABAAABAQCf6Df7n/ZQmfw+iUovpMH2wfznHs2dIKbqUXkim3BidCMmGHo684BR+myCcIX3fGbzTJXLPNsWPgWmCpYUR9zMNAjlG+RmQUkr6/07pp3Jbj2lPRLQprb5sa8E3nBUQnXjHtw0UA4Jp7XLpkIJJHBYUSDupJ9GocnXh8xMwbMFqo4JyL5ME86WV0tsPAWPk1WCqojDsKvPYssRppTlcaB4ETJdvi0WEOkdWa723/GUs60QJKobPvuLhqePR4CMtcGCzE3BkF1Bu9H8L3EgVN8cN4r6lc8aFtZ1hLQJaW6Rxdjm8zM+cWAdzrJQOfZAH4go5aBsj9mg7ZI+iCZl2BDP asdf@34363b808d8e.local"
          },
          "private": "bnVsbA=="
        }
      ]
    }
  ]
}
